
Microsoft Visual Studio Solution File, Format Version 12.00
# Visual Studio Version 17
VisualStudioVersion = 17.0.32014.148
MinimumVisualStudioVersion = 10.0.40219.1
Project("{FAE04EC0-301F-11D3-BF4B-00C04F79EFBC}") = "DtxCS", "Library\DtxCS.csproj", "{8651B5C6-B8F9-4A30-A4E6-37D6CA367306}"
EndProject
Project("{FAE04EC0-301F-11D3-BF4B-00C04F79EFBC}") = "DTAView", "DTAView\DTAView.csproj", "{86AAA4EB-27E1-42F2-832D-467A0ADEA4F4}"
EndProject
Project("{FAE04EC0-301F-11D3-BF4B-00C04F79EFBC}") = "DTXTool", "DTXTool\DTXTool.csproj", "{D5CBFDEE-1555-43C3-8AD9-F3E6D36A0046}"
EndProject
Global
	GlobalSection(SolutionConfigurationPlatforms) = preSolution
		Debug|Any CPU = Debug|Any CPU
		Release|Any CPU = Release|Any CPU
	EndGlobalSection
	GlobalSection(ProjectConfigurationPlatforms) = postSolution
		{8651B5C6-B8F9-4A30-A4E6-37D6CA367306}.Debug|Any CPU.ActiveCfg = Debug|Any CPU
		{8651B5C6-B8F9-4A30-A4E6-37D6CA367306}.Debug|Any CPU.Build.0 = Debug|Any CPU
		{8651B5C6-B8F9-4A30-A4E6-37D6CA367306}.Release|Any CPU.ActiveCfg = Release|Any CPU
		{8651B5C6-B8F9-4A30-A4E6-37D6CA367306}.Release|Any CPU.Build.0 = Release|Any CPU
		{86AAA4EB-27E1-42F2-832D-467A0ADEA4F4}.Debug|Any CPU.ActiveCfg = Debug|Any CPU
		{86AAA4EB-27E1-42F2-832D-467A0ADEA4F4}.Debug|Any CPU.Build.0 = Debug|Any CPU
		{86AAA4EB-27E1-42F2-832D-467A0ADEA4F4}.Release|Any CPU.ActiveCfg = Release|Any CPU
		{86AAA4EB-27E1-42F2-832D-467A0ADEA4F4}.Release|Any CPU.Build.0 = Release|Any CPU
		{D5CBFDEE-1555-43C3-8AD9-F3E6D36A0046}.Debug|Any CPU.ActiveCfg = Debug|Any CPU
		{D5CBFDEE-1555-43C3-8AD9-F3E6D36A0046}.Debug|Any CPU.Build.0 = Debug|Any CPU
		{D5CBFDEE-1555-43C3-8AD9-F3E6D36A0046}.Release|Any CPU.ActiveCfg = Release|Any CPU
		{D5CBFDEE-1555-43C3-8AD9-F3E6D36A0046}.Release|Any CPU.Build.0 = Release|Any CPU
	EndGlobalSection
	GlobalSection(SolutionProperties) = preSolution
		HideSolutionNode = FALSE
	EndGlobalSection
	GlobalSection(ExtensibilityGlobals) = postSolution
		SolutionGuid = {916B13A3-6BD6-4F62-84F3-8D4394F5F5A6}
	EndGlobalSection
EndGlobal
